// !$*UTF8*$!
{
	archiveVersion = 1;
	classes = {
	};
	objectVersion = 56;
	objects = {

/* Begin PBXBuildFile section */
		7B09E46129326400007ADA2D /* AppDelegate.swift in Sources */ = {isa = PBXBuildFile; fileRef = 7B09E46029326400007ADA2D /* AppDelegate.swift */; };
		7B09E46829326400007ADA2D /* Main.storyboard in Resources */ = {isa = PBXBuildFile; fileRef = 7B09E46629326400007ADA2D /* Main.storyboard */; };
		7B09E46A29326402007ADA2D /* Assets.xcassets in Resources */ = {isa = PBXBuildFile; fileRef = 7B09E46929326402007ADA2D /* Assets.xcassets */; };
		7B09E46D29326402007ADA2D /* LaunchScreen.storyboard in Resources */ = {isa = PBXBuildFile; fileRef = 7B09E46B29326402007ADA2D /* LaunchScreen.storyboard */; };
		7B09E47829326402007ADA2D /* OpenSourceJetBrainsProjectTests.swift in Sources */ = {isa = PBXBuildFile; fileRef = 7B09E47729326402007ADA2D /* OpenSourceJetBrainsProjectTests.swift */; };
		7B09E48229326402007ADA2D /* OpenSourceJetBrainsProjectUITests.swift in Sources */ = {isa = PBXBuildFile; fileRef = 7B09E48129326402007ADA2D /* OpenSourceJetBrainsProjectUITests.swift */; };
		7B09E48429326402007ADA2D /* OpenSourceJetBrainsProjectUITestsLaunchTests.swift in Sources */ = {isa = PBXBuildFile; fileRef = 7B09E48329326402007ADA2D /* OpenSourceJetBrainsProjectUITestsLaunchTests.swift */; };
		7B09E49829326725007ADA2D /* Niblable.swift in Sources */ = {isa = PBXBuildFile; fileRef = 7B09E49729326725007ADA2D /* Niblable.swift */; };
		7B09E49A29326757007ADA2D /* UITableViewExtension.swift in Sources */ = {isa = PBXBuildFile; fileRef = 7B09E49929326757007ADA2D /* UITableViewExtension.swift */; };
		7B09E49C29326779007ADA2D /* UIStroyboardExtension.swift in Sources */ = {isa = PBXBuildFile; fileRef = 7B09E49B29326779007ADA2D /* UIStroyboardExtension.swift */; };
		7B09E49F29326800007ADA2D /* ProjectsViewController.swift in Sources */ = {isa = PBXBuildFile; fileRef = 7B09E49E29326800007ADA2D /* ProjectsViewController.swift */; };
		7B09E4A1293268BE007ADA2D /* AppCoordinator.swift in Sources */ = {isa = PBXBuildFile; fileRef = 7B09E4A0293268BE007ADA2D /* AppCoordinator.swift */; };
		7B09E4A329326C5A007ADA2D /* ProjectsViewModel.swift in Sources */ = {isa = PBXBuildFile; fileRef = 7B09E4A229326C5A007ADA2D /* ProjectsViewModel.swift */; };
		7B09E4A529326C66007ADA2D /* ProjectsModel.swift in Sources */ = {isa = PBXBuildFile; fileRef = 7B09E4A429326C66007ADA2D /* ProjectsModel.swift */; };
		7B09E4A929326DD8007ADA2D /* ProjectTableViewCell.swift in Sources */ = {isa = PBXBuildFile; fileRef = 7B09E4A729326DD8007ADA2D /* ProjectTableViewCell.swift */; };
		7B09E4AA29326DD8007ADA2D /* ProjectTableViewCell.xib in Resources */ = {isa = PBXBuildFile; fileRef = 7B09E4A829326DD8007ADA2D /* ProjectTableViewCell.xib */; };
		7B09E4AD2932734E007ADA2D /* Alamofire in Frameworks */ = {isa = PBXBuildFile; productRef = 7B09E4AC2932734E007ADA2D /* Alamofire */; };
		7B09E4AF2932742C007ADA2D /* ProjectsService.swift in Sources */ = {isa = PBXBuildFile; fileRef = 7B09E4AE2932742C007ADA2D /* ProjectsService.swift */; };
		7B09E4B12932747F007ADA2D /* Constants.swift in Sources */ = {isa = PBXBuildFile; fileRef = 7B09E4B02932747F007ADA2D /* Constants.swift */; };
		7B09E4B3293274C1007ADA2D /* AppRequest.swift in Sources */ = {isa = PBXBuildFile; fileRef = 7B09E4B2293274C1007ADA2D /* AppRequest.swift */; };
		7B09E4B529327519007ADA2D /* ProjectObject.swift in Sources */ = {isa = PBXBuildFile; fileRef = 7B09E4B429327519007ADA2D /* ProjectObject.swift */; };
		7B09E4B729328368007ADA2D /* DetailsProjectViewController.swift in Sources */ = {isa = PBXBuildFile; fileRef = 7B09E4B629328368007ADA2D /* DetailsProjectViewController.swift */; };
		7B09E4BA293283D7007ADA2D /* DetailsProjectViewModel.swift in Sources */ = {isa = PBXBuildFile; fileRef = 7B09E4B9293283D7007ADA2D /* DetailsProjectViewModel.swift */; };
		7B09E4BC293283E2007ADA2D /* DetailsProjectModel.swift in Sources */ = {isa = PBXBuildFile; fileRef = 7B09E4BB293283E1007ADA2D /* DetailsProjectModel.swift */; };
		7BEECAC2293378BA0009F5AD /* JSONHelper.swift in Sources */ = {isa = PBXBuildFile; fileRef = 7BEECAC1293378BA0009F5AD /* JSONHelper.swift */; };
		7BEECAC729337A770009F5AD /* Projects.json in Resources */ = {isa = PBXBuildFile; fileRef = 7BEECAC629337A470009F5AD /* Projects.json */; };
		7BEECAC929337A9B0009F5AD /* ProjectsViewModelTests.swift in Sources */ = {isa = PBXBuildFile; fileRef = 7BEECAC829337A9B0009F5AD /* ProjectsViewModelTests.swift */; };
		7BEECACB29337BAC0009F5AD /* MockedProjectsService.swift in Sources */ = {isa = PBXBuildFile; fileRef = 7BEECACA29337BAC0009F5AD /* MockedProjectsService.swift */; };
/* End PBXBuildFile section */

/* Begin PBXContainerItemProxy section */
		7B09E47429326402007ADA2D /* PBXContainerItemProxy */ = {
			isa = PBXContainerItemProxy;
			containerPortal = 7B09E45529326400007ADA2D /* Project object */;
			proxyType = 1;
			remoteGlobalIDString = 7B09E45C29326400007ADA2D;
			remoteInfo = OpenSourceJetBrainsProject;
		};
		7B09E47E29326402007ADA2D /* PBXContainerItemProxy */ = {
			isa = PBXContainerItemProxy;
			containerPortal = 7B09E45529326400007ADA2D /* Project object */;
			proxyType = 1;
			remoteGlobalIDString = 7B09E45C29326400007ADA2D;
			remoteInfo = OpenSourceJetBrainsProject;
		};
/* End PBXContainerItemProxy section */

/* Begin PBXFileReference section */
		7B09E45D29326400007ADA2D /* OpenSourceJetBrainsProject.app */ = {isa = PBXFileReference; explicitFileType = wrapper.application; includeInIndex = 0; path = OpenSourceJetBrainsProject.app; sourceTree = BUILT_PRODUCTS_DIR; };
		7B09E46029326400007ADA2D /* AppDelegate.swift */ = {isa = PBXFileReference; lastKnownFileType = sourcecode.swift; path = AppDelegate.swift; sourceTree = "<group>"; };
		7B09E46729326400007ADA2D /* Base */ = {isa = PBXFileReference; lastKnownFileType = file.storyboard; name = Base; path = Base.lproj/Main.storyboard; sourceTree = "<group>"; };
		7B09E46929326402007ADA2D /* Assets.xcassets */ = {isa = PBXFileReference; lastKnownFileType = folder.assetcatalog; path = Assets.xcassets; sourceTree = "<group>"; };
		7B09E46C29326402007ADA2D /* Base */ = {isa = PBXFileReference; lastKnownFileType = file.storyboard; name = Base; path = Base.lproj/LaunchScreen.storyboard; sourceTree = "<group>"; };
		7B09E46E29326402007ADA2D /* Info.plist */ = {isa = PBXFileReference; lastKnownFileType = text.plist.xml; path = Info.plist; sourceTree = "<group>"; };
		7B09E47329326402007ADA2D /* OpenSourceJetBrainsProjectTests.xctest */ = {isa = PBXFileReference; explicitFileType = wrapper.cfbundle; includeInIndex = 0; path = OpenSourceJetBrainsProjectTests.xctest; sourceTree = BUILT_PRODUCTS_DIR; };
		7B09E47729326402007ADA2D /* OpenSourceJetBrainsProjectTests.swift */ = {isa = PBXFileReference; lastKnownFileType = sourcecode.swift; path = OpenSourceJetBrainsProjectTests.swift; sourceTree = "<group>"; };
		7B09E47D29326402007ADA2D /* OpenSourceJetBrainsProjectUITests.xctest */ = {isa = PBXFileReference; explicitFileType = wrapper.cfbundle; includeInIndex = 0; path = OpenSourceJetBrainsProjectUITests.xctest; sourceTree = BUILT_PRODUCTS_DIR; };
		7B09E48129326402007ADA2D /* OpenSourceJetBrainsProjectUITests.swift */ = {isa = PBXFileReference; lastKnownFileType = sourcecode.swift; path = OpenSourceJetBrainsProjectUITests.swift; sourceTree = "<group>"; };
		7B09E48329326402007ADA2D /* OpenSourceJetBrainsProjectUITestsLaunchTests.swift */ = {isa = PBXFileReference; lastKnownFileType = sourcecode.swift; path = OpenSourceJetBrainsProjectUITestsLaunchTests.swift; sourceTree = "<group>"; };
		7B09E49729326725007ADA2D /* Niblable.swift */ = {isa = PBXFileReference; lastKnownFileType = sourcecode.swift; path = Niblable.swift; sourceTree = "<group>"; };
		7B09E49929326757007ADA2D /* UITableViewExtension.swift */ = {isa = PBXFileReference; lastKnownFileType = sourcecode.swift; path = UITableViewExtension.swift; sourceTree = "<group>"; };
		7B09E49B29326779007ADA2D /* UIStroyboardExtension.swift */ = {isa = PBXFileReference; lastKnownFileType = sourcecode.swift; path = UIStroyboardExtension.swift; sourceTree = "<group>"; };
		7B09E49E29326800007ADA2D /* ProjectsViewController.swift */ = {isa = PBXFileReference; lastKnownFileType = sourcecode.swift; path = ProjectsViewController.swift; sourceTree = "<group>"; };
		7B09E4A0293268BE007ADA2D /* AppCoordinator.swift */ = {isa = PBXFileReference; lastKnownFileType = sourcecode.swift; path = AppCoordinator.swift; sourceTree = "<group>"; };
		7B09E4A229326C5A007ADA2D /* ProjectsViewModel.swift */ = {isa = PBXFileReference; lastKnownFileType = sourcecode.swift; path = ProjectsViewModel.swift; sourceTree = "<group>"; };
		7B09E4A429326C66007ADA2D /* ProjectsModel.swift */ = {isa = PBXFileReference; lastKnownFileType = sourcecode.swift; path = ProjectsModel.swift; sourceTree = "<group>"; };
		7B09E4A729326DD8007ADA2D /* ProjectTableViewCell.swift */ = {isa = PBXFileReference; lastKnownFileType = sourcecode.swift; path = ProjectTableViewCell.swift; sourceTree = "<group>"; };
		7B09E4A829326DD8007ADA2D /* ProjectTableViewCell.xib */ = {isa = PBXFileReference; lastKnownFileType = file.xib; path = ProjectTableViewCell.xib; sourceTree = "<group>"; };
		7B09E4AE2932742C007ADA2D /* ProjectsService.swift */ = {isa = PBXFileReference; lastKnownFileType = sourcecode.swift; path = ProjectsService.swift; sourceTree = "<group>"; };
		7B09E4B02932747F007ADA2D /* Constants.swift */ = {isa = PBXFileReference; lastKnownFileType = sourcecode.swift; path = Constants.swift; sourceTree = "<group>"; };
		7B09E4B2293274C1007ADA2D /* AppRequest.swift */ = {isa = PBXFileReference; lastKnownFileType = sourcecode.swift; path = AppRequest.swift; sourceTree = "<group>"; };
		7B09E4B429327519007ADA2D /* ProjectObject.swift */ = {isa = PBXFileReference; lastKnownFileType = sourcecode.swift; path = ProjectObject.swift; sourceTree = "<group>"; };
		7B09E4B629328368007ADA2D /* DetailsProjectViewController.swift */ = {isa = PBXFileReference; lastKnownFileType = sourcecode.swift; path = DetailsProjectViewController.swift; sourceTree = "<group>"; };
		7B09E4B9293283D7007ADA2D /* DetailsProjectViewModel.swift */ = {isa = PBXFileReference; lastKnownFileType = sourcecode.swift; path = DetailsProjectViewModel.swift; sourceTree = "<group>"; };
		7B09E4BB293283E1007ADA2D /* DetailsProjectModel.swift */ = {isa = PBXFileReference; lastKnownFileType = sourcecode.swift; path = DetailsProjectModel.swift; sourceTree = "<group>"; };
		7BEECAC1293378BA0009F5AD /* JSONHelper.swift */ = {isa = PBXFileReference; lastKnownFileType = sourcecode.swift; path = JSONHelper.swift; sourceTree = "<group>"; };
		7BEECAC629337A470009F5AD /* Projects.json */ = {isa = PBXFileReference; lastKnownFileType = text.json; path = Projects.json; sourceTree = "<group>"; };
		7BEECAC829337A9B0009F5AD /* ProjectsViewModelTests.swift */ = {isa = PBXFileReference; lastKnownFileType = sourcecode.swift; path = ProjectsViewModelTests.swift; sourceTree = "<group>"; };
		7BEECACA29337BAC0009F5AD /* MockedProjectsService.swift */ = {isa = PBXFileReference; lastKnownFileType = sourcecode.swift; path = MockedProjectsService.swift; sourceTree = "<group>"; };
/* End PBXFileReference section */

/* Begin PBXFrameworksBuildPhase section */
		7B09E45A29326400007ADA2D /* Frameworks */ = {
			isa = PBXFrameworksBuildPhase;
			buildActionMask = 2147483647;
			files = (
				7B09E4AD2932734E007ADA2D /* Alamofire in Frameworks */,
			);
			runOnlyForDeploymentPostprocessing = 0;
		};
		7B09E47029326402007ADA2D /* Frameworks */ = {
			isa = PBXFrameworksBuildPhase;
			buildActionMask = 2147483647;
			files = (
			);
			runOnlyForDeploymentPostprocessing = 0;
		};
		7B09E47A29326402007ADA2D /* Frameworks */ = {
			isa = PBXFrameworksBuildPhase;
			buildActionMask = 2147483647;
			files = (
			);
			runOnlyForDeploymentPostprocessing = 0;
		};
/* End PBXFrameworksBuildPhase section */

/* Begin PBXGroup section */
		7B09E45429326400007ADA2D = {
			isa = PBXGroup;
			children = (
				7B09E45F29326400007ADA2D /* OpenSourceJetBrainsProject */,
				7B09E47629326402007ADA2D /* OpenSourceJetBrainsProjectTests */,
				7B09E48029326402007ADA2D /* OpenSourceJetBrainsProjectUITests */,
				7B09E45E29326400007ADA2D /* Products */,
			);
			sourceTree = "<group>";
		};
		7B09E45E29326400007ADA2D /* Products */ = {
			isa = PBXGroup;
			children = (
				7B09E45D29326400007ADA2D /* OpenSourceJetBrainsProject.app */,
				7B09E47329326402007ADA2D /* OpenSourceJetBrainsProjectTests.xctest */,
				7B09E47D29326402007ADA2D /* OpenSourceJetBrainsProjectUITests.xctest */,
			);
			name = Products;
			sourceTree = "<group>";
		};
		7B09E45F29326400007ADA2D /* OpenSourceJetBrainsProject */ = {
			isa = PBXGroup;
			children = (
				7B09E496293266A4007ADA2D /* Bussiness */,
				7B09E4952932669C007ADA2D /* Services */,
				7B09E49429326694007ADA2D /* Presentations */,
				7B09E4922932667D007ADA2D /* Extensions */,
				7B09E49129326673007ADA2D /* Constants */,
				7B150FF229328E2100B785EC /* Application */,
				7B09E46629326400007ADA2D /* Main.storyboard */,
				7B150FF329328E6D00B785EC /* Ressources */,
				7B09E46B29326402007ADA2D /* LaunchScreen.storyboard */,
				7B09E46E29326402007ADA2D /* Info.plist */,
			);
			path = OpenSourceJetBrainsProject;
			sourceTree = "<group>";
		};
		7B09E47629326402007ADA2D /* OpenSourceJetBrainsProjectTests */ = {
			isa = PBXGroup;
			children = (
				7BEECAC3293378FA0009F5AD /* Mocks */,
				7B09E47729326402007ADA2D /* OpenSourceJetBrainsProjectTests.swift */,
				7BEECAC629337A470009F5AD /* Projects.json */,
				7BEECAC829337A9B0009F5AD /* ProjectsViewModelTests.swift */,
			);
			path = OpenSourceJetBrainsProjectTests;
			sourceTree = "<group>";
		};
		7B09E48029326402007ADA2D /* OpenSourceJetBrainsProjectUITests */ = {
			isa = PBXGroup;
			children = (
				7B09E48129326402007ADA2D /* OpenSourceJetBrainsProjectUITests.swift */,
				7B09E48329326402007ADA2D /* OpenSourceJetBrainsProjectUITestsLaunchTests.swift */,
			);
			path = OpenSourceJetBrainsProjectUITests;
			sourceTree = "<group>";
		};
		7B09E49029326646007ADA2D /* Coordinator */ = {
			isa = PBXGroup;
			children = (
				7B09E4A0293268BE007ADA2D /* AppCoordinator.swift */,
			);
			path = Coordinator;
			sourceTree = "<group>";
		};
		7B09E49129326673007ADA2D /* Constants */ = {
			isa = PBXGroup;
			children = (
				7B09E4B02932747F007ADA2D /* Constants.swift */,
			);
			path = Constants;
			sourceTree = "<group>";
		};
		7B09E4922932667D007ADA2D /* Extensions */ = {
			isa = PBXGroup;
			children = (
				7B09E49729326725007ADA2D /* Niblable.swift */,
				7B09E49929326757007ADA2D /* UITableViewExtension.swift */,
				7B09E49B29326779007ADA2D /* UIStroyboardExtension.swift */,
			);
			path = Extensions;
			sourceTree = "<group>";
		};
		7B09E49429326694007ADA2D /* Presentations */ = {
			isa = PBXGroup;
			children = (
				7BEECAC0293378A50009F5AD /* Json */,
				7B09E49D293267DD007ADA2D /* ProjectsPage */,
				7B09E4B829328370007ADA2D /* DetailsProjectPage */,
			);
			path = Presentations;
			sourceTree = "<group>";
		};
		7B09E4952932669C007ADA2D /* Services */ = {
			isa = PBXGroup;
			children = (
				7B09E4AE2932742C007ADA2D /* ProjectsService.swift */,
				7B09E4B2293274C1007ADA2D /* AppRequest.swift */,
			);
			path = Services;
			sourceTree = "<group>";
		};
		7B09E496293266A4007ADA2D /* Bussiness */ = {
			isa = PBXGroup;
			children = (
				7B09E4B429327519007ADA2D /* ProjectObject.swift */,
			);
			path = Bussiness;
			sourceTree = "<group>";
		};
		7B09E49D293267DD007ADA2D /* ProjectsPage */ = {
			isa = PBXGroup;
			children = (
				7B09E4A629326DB3007ADA2D /* ProjectTableCell */,
				7B09E49E29326800007ADA2D /* ProjectsViewController.swift */,
				7B09E4A229326C5A007ADA2D /* ProjectsViewModel.swift */,
				7B09E4A429326C66007ADA2D /* ProjectsModel.swift */,
			);
			path = ProjectsPage;
			sourceTree = "<group>";
		};
		7B09E4A629326DB3007ADA2D /* ProjectTableCell */ = {
			isa = PBXGroup;
			children = (
				7B09E4A729326DD8007ADA2D /* ProjectTableViewCell.swift */,
				7B09E4A829326DD8007ADA2D /* ProjectTableViewCell.xib */,
			);
			path = ProjectTableCell;
			sourceTree = "<group>";
		};
		7B09E4B829328370007ADA2D /* DetailsProjectPage */ = {
			isa = PBXGroup;
			children = (
				7B09E4B629328368007ADA2D /* DetailsProjectViewController.swift */,
				7B09E4B9293283D7007ADA2D /* DetailsProjectViewModel.swift */,
				7B09E4BB293283E1007ADA2D /* DetailsProjectModel.swift */,
			);
			path = DetailsProjectPage;
			sourceTree = "<group>";
		};
		7B150FF229328E2100B785EC /* Application */ = {
			isa = PBXGroup;
			children = (
				7B09E49029326646007ADA2D /* Coordinator */,
				7B09E46029326400007ADA2D /* AppDelegate.swift */,
			);
			path = Application;
			sourceTree = "<group>";
		};
		7B150FF329328E6D00B785EC /* Ressources */ = {
			isa = PBXGroup;
			children = (
				7B09E46929326402007ADA2D /* Assets.xcassets */,
			);
			path = Ressources;
			sourceTree = "<group>";
		};
		7BEECAC0293378A50009F5AD /* Json */ = {
			isa = PBXGroup;
			children = (
				7BEECAC1293378BA0009F5AD /* JSONHelper.swift */,
			);
			path = Json;
			sourceTree = "<group>";
		};
		7BEECAC3293378FA0009F5AD /* Mocks */ = {
			isa = PBXGroup;
			children = (
				7BEECACA29337BAC0009F5AD /* MockedProjectsService.swift */,
			);
			path = Mocks;
			sourceTree = "<group>";
		};
/* End PBXGroup section */

/* Begin PBXNativeTarget section */
		7B09E45C29326400007ADA2D /* OpenSourceJetBrainsProject */ = {
			isa = PBXNativeTarget;
			buildConfigurationList = 7B09E48729326402007ADA2D /* Build configuration list for PBXNativeTarget "OpenSourceJetBrainsProject" */;
			buildPhases = (
				7B09E45929326400007ADA2D /* Sources */,
				7B09E45A29326400007ADA2D /* Frameworks */,
				7B09E45B29326400007ADA2D /* Resources */,
			);
			buildRules = (
			);
			dependencies = (
			);
			name = OpenSourceJetBrainsProject;
			packageProductDependencies = (
				7B09E4AC2932734E007ADA2D /* Alamofire */,
			);
			productName = OpenSourceJetBrainsProject;
			productReference = 7B09E45D29326400007ADA2D /* OpenSourceJetBrainsProject.app */;
			productType = "com.apple.product-type.application";
		};
		7B09E47229326402007ADA2D /* OpenSourceJetBrainsProjectTests */ = {
			isa = PBXNativeTarget;
			buildConfigurationList = 7B09E48A29326402007ADA2D /* Build configuration list for PBXNativeTarget "OpenSourceJetBrainsProjectTests" */;
			buildPhases = (
				7B09E46F29326402007ADA2D /* Sources */,
				7B09E47029326402007ADA2D /* Frameworks */,
				7B09E47129326402007ADA2D /* Resources */,
			);
			buildRules = (
			);
			dependencies = (
				7B09E47529326402007ADA2D /* PBXTargetDependency */,
			);
			name = OpenSourceJetBrainsProjectTests;
			productName = OpenSourceJetBrainsProjectTests;
			productReference = 7B09E47329326402007ADA2D /* OpenSourceJetBrainsProjectTests.xctest */;
			productType = "com.apple.product-type.bundle.unit-test";
		};
		7B09E47C29326402007ADA2D /* OpenSourceJetBrainsProjectUITests */ = {
			isa = PBXNativeTarget;
			buildConfigurationList = 7B09E48D29326402007ADA2D /* Build configuration list for PBXNativeTarget "OpenSourceJetBrainsProjectUITests" */;
			buildPhases = (
				7B09E47929326402007ADA2D /* Sources */,
				7B09E47A29326402007ADA2D /* Frameworks */,
				7B09E47B29326402007ADA2D /* Resources */,
			);
			buildRules = (
			);
			dependencies = (
				7B09E47F29326402007ADA2D /* PBXTargetDependency */,
			);
			name = OpenSourceJetBrainsProjectUITests;
			productName = OpenSourceJetBrainsProjectUITests;
			productReference = 7B09E47D29326402007ADA2D /* OpenSourceJetBrainsProjectUITests.xctest */;
			productType = "com.apple.product-type.bundle.ui-testing";
		};
/* End PBXNativeTarget section */

/* Begin PBXProject section */
		7B09E45529326400007ADA2D /* Project object */ = {
			isa = PBXProject;
			attributes = {
				BuildIndependentTargetsInParallel = 1;
				LastSwiftUpdateCheck = 1400;
				LastUpgradeCheck = 1400;
				TargetAttributes = {
					7B09E45C29326400007ADA2D = {
						CreatedOnToolsVersion = 14.0.1;
					};
					7B09E47229326402007ADA2D = {
						CreatedOnToolsVersion = 14.0.1;
						TestTargetID = 7B09E45C29326400007ADA2D;
					};
					7B09E47C29326402007ADA2D = {
						CreatedOnToolsVersion = 14.0.1;
						TestTargetID = 7B09E45C29326400007ADA2D;
					};
				};
			};
			buildConfigurationList = 7B09E45829326400007ADA2D /* Build configuration list for PBXProject "OpenSourceJetBrainsProject" */;
			compatibilityVersion = "Xcode 14.0";
			developmentRegion = en;
			hasScannedForEncodings = 0;
			knownRegions = (
				en,
				Base,
			);
			mainGroup = 7B09E45429326400007ADA2D;
			packageReferences = (
				7B09E4AB2932734E007ADA2D /* XCRemoteSwiftPackageReference "Alamofire" */,
			);
			productRefGroup = 7B09E45E29326400007ADA2D /* Products */;
			projectDirPath = "";
			projectRoot = "";
			targets = (
				7B09E45C29326400007ADA2D /* OpenSourceJetBrainsProject */,
				7B09E47229326402007ADA2D /* OpenSourceJetBrainsProjectTests */,
				7B09E47C29326402007ADA2D /* OpenSourceJetBrainsProjectUITests */,
			);
		};
/* End PBXProject section */

/* Begin PBXResourcesBuildPhase section */
		7B09E45B29326400007ADA2D /* Resources */ = {
			isa = PBXResourcesBuildPhase;
			buildActionMask = 2147483647;
			files = (
				7B09E46D29326402007ADA2D /* LaunchScreen.storyboard in Resources */,
				7B09E46A29326402007ADA2D /* Assets.xcassets in Resources */,
				7B09E46829326400007ADA2D /* Main.storyboard in Resources */,
				7B09E4AA29326DD8007ADA2D /* ProjectTableViewCell.xib in Resources */,
			);
			runOnlyForDeploymentPostprocessing = 0;
		};
		7B09E47129326402007ADA2D /* Resources */ = {
			isa = PBXResourcesBuildPhase;
			buildActionMask = 2147483647;
			files = (
				7BEECAC729337A770009F5AD /* Projects.json in Resources */,
			);
			runOnlyForDeploymentPostprocessing = 0;
		};
		7B09E47B29326402007ADA2D /* Resources */ = {
			isa = PBXResourcesBuildPhase;
			buildActionMask = 2147483647;
			files = (
			);
			runOnlyForDeploymentPostprocessing = 0;
		};
/* End PBXResourcesBuildPhase section */

/* Begin PBXSourcesBuildPhase section */
		7B09E45929326400007ADA2D /* Sources */ = {
			isa = PBXSourcesBuildPhase;
			buildActionMask = 2147483647;
			files = (
				7B09E4A1293268BE007ADA2D /* AppCoordinator.swift in Sources */,
				7B09E4B3293274C1007ADA2D /* AppRequest.swift in Sources */,
				7B09E4BC293283E2007ADA2D /* DetailsProjectModel.swift in Sources */,
				7B09E4B12932747F007ADA2D /* Constants.swift in Sources */,
				7B09E4AF2932742C007ADA2D /* ProjectsService.swift in Sources */,
				7B09E4A929326DD8007ADA2D /* ProjectTableViewCell.swift in Sources */,
				7B09E4A529326C66007ADA2D /* ProjectsModel.swift in Sources */,
				7B09E49A29326757007ADA2D /* UITableViewExtension.swift in Sources */,
				7B09E4A329326C5A007ADA2D /* ProjectsViewModel.swift in Sources */,
				7B09E49F29326800007ADA2D /* ProjectsViewController.swift in Sources */,
				7B09E4B729328368007ADA2D /* DetailsProjectViewController.swift in Sources */,
				7B09E4BA293283D7007ADA2D /* DetailsProjectViewModel.swift in Sources */,
				7B09E4B529327519007ADA2D /* ProjectObject.swift in Sources */,
				7B09E49829326725007ADA2D /* Niblable.swift in Sources */,
				7B09E49C29326779007ADA2D /* UIStroyboardExtension.swift in Sources */,
				7B09E46129326400007ADA2D /* AppDelegate.swift in Sources */,
				7BEECAC2293378BA0009F5AD /* JSONHelper.swift in Sources */,
			);
			runOnlyForDeploymentPostprocessing = 0;
		};
		7B09E46F29326402007ADA2D /* Sources */ = {
			isa = PBXSourcesBuildPhase;
			buildActionMask = 2147483647;
			files = (
				7BEECACB29337BAC0009F5AD /* MockedProjectsService.swift in Sources */,
				7BEECAC929337A9B0009F5AD /* ProjectsViewModelTests.swift in Sources */,
				7B09E47829326402007ADA2D /* OpenSourceJetBrainsProjectTests.swift in Sources */,
			);
			runOnlyForDeploymentPostprocessing = 0;
		};
		7B09E47929326402007ADA2D /* Sources */ = {
			isa = PBXSourcesBuildPhase;
			buildActionMask = 2147483647;
			files = (
				7B09E48429326402007ADA2D /* OpenSourceJetBrainsProjectUITestsLaunchTests.swift in Sources */,
				7B09E48229326402007ADA2D /* OpenSourceJetBrainsProjectUITests.swift in Sources */,
			);
			runOnlyForDeploymentPostprocessing = 0;
		};
/* End PBXSourcesBuildPhase section */

/* Begin PBXTargetDependency section */
		7B09E47529326402007ADA2D /* PBXTargetDependency */ = {
			isa = PBXTargetDependency;
			target = 7B09E45C29326400007ADA2D /* OpenSourceJetBrainsProject */;
			targetProxy = 7B09E47429326402007ADA2D /* PBXContainerItemProxy */;
		};
		7B09E47F29326402007ADA2D /* PBXTargetDependency */ = {
			isa = PBXTargetDependency;
			target = 7B09E45C29326400007ADA2D /* OpenSourceJetBrainsProject */;
			targetProxy = 7B09E47E29326402007ADA2D /* PBXContainerItemProxy */;
		};
/* End PBXTargetDependency section */

/* Begin PBXVariantGroup section */
		7B09E46629326400007ADA2D /* Main.storyboard */ = {
			isa = PBXVariantGroup;
			children = (
				7B09E46729326400007ADA2D /* Base */,
			);
			name = Main.storyboard;
			sourceTree = "<group>";
		};
		7B09E46B29326402007ADA2D /* LaunchScreen.storyboard */ = {
			isa = PBXVariantGroup;
			children = (
				7B09E46C29326402007ADA2D /* Base */,
			);
			name = LaunchScreen.storyboard;
			sourceTree = "<group>";
		};
/* End PBXVariantGroup section */

/* Begin XCBuildConfiguration section */
		7B09E48529326402007ADA2D /* Debug */ = {
			isa = XCBuildConfiguration;
			buildSettings = {
				ALWAYS_SEARCH_USER_PATHS = NO;
				CLANG_ANALYZER_NONNULL = YES;
				CLANG_ANALYZER_NUMBER_OBJECT_CONVERSION = YES_AGGRESSIVE;
				CLANG_CXX_LANGUAGE_STANDARD = "gnu++20";
				CLANG_ENABLE_MODULES = YES;
				CLANG_ENABLE_OBJC_ARC = YES;
				CLANG_ENABLE_OBJC_WEAK = YES;
				CLANG_WARN_BLOCK_CAPTURE_AUTORELEASING = YES;
				CLANG_WARN_BOOL_CONVERSION = YES;
				CLANG_WARN_COMMA = YES;
				CLANG_WARN_CONSTANT_CONVERSION = YES;
				CLANG_WARN_DEPRECATED_OBJC_IMPLEMENTATIONS = YES;
				CLANG_WARN_DIRECT_OBJC_ISA_USAGE = YES_ERROR;
				CLANG_WARN_DOCUMENTATION_COMMENTS = YES;
				CLANG_WARN_EMPTY_BODY = YES;
				CLANG_WARN_ENUM_CONVERSION = YES;
				CLANG_WARN_INFINITE_RECURSION = YES;
				CLANG_WARN_INT_CONVERSION = YES;
				CLANG_WARN_NON_LITERAL_NULL_CONVERSION = YES;
				CLANG_WARN_OBJC_IMPLICIT_RETAIN_SELF = YES;
				CLANG_WARN_OBJC_LITERAL_CONVERSION = YES;
				CLANG_WARN_OBJC_ROOT_CLASS = YES_ERROR;
				CLANG_WARN_QUOTED_INCLUDE_IN_FRAMEWORK_HEADER = YES;
				CLANG_WARN_RANGE_LOOP_ANALYSIS = YES;
				CLANG_WARN_STRICT_PROTOTYPES = YES;
				CLANG_WARN_SUSPICIOUS_MOVE = YES;
				CLANG_WARN_UNGUARDED_AVAILABILITY = YES_AGGRESSIVE;
				CLANG_WARN_UNREACHABLE_CODE = YES;
				CLANG_WARN__DUPLICATE_METHOD_MATCH = YES;
				COPY_PHASE_STRIP = NO;
				DEBUG_INFORMATION_FORMAT = dwarf;
				ENABLE_STRICT_OBJC_MSGSEND = YES;
				ENABLE_TESTABILITY = YES;
				GCC_C_LANGUAGE_STANDARD = gnu11;
				GCC_DYNAMIC_NO_PIC = NO;
				GCC_NO_COMMON_BLOCKS = YES;
				GCC_OPTIMIZATION_LEVEL = 0;
				GCC_PREPROCESSOR_DEFINITIONS = (
					"DEBUG=1",
					"$(inherited)",
				);
				GCC_WARN_64_TO_32_BIT_CONVERSION = YES;
				GCC_WARN_ABOUT_RETURN_TYPE = YES_ERROR;
				GCC_WARN_UNDECLARED_SELECTOR = YES;
				GCC_WARN_UNINITIALIZED_AUTOS = YES_AGGRESSIVE;
				GCC_WARN_UNUSED_FUNCTION = YES;
				GCC_WARN_UNUSED_VARIABLE = YES;
				IPHONEOS_DEPLOYMENT_TARGET = 13.0;
				MTL_ENABLE_DEBUG_INFO = INCLUDE_SOURCE;
				MTL_FAST_MATH = YES;
				ONLY_ACTIVE_ARCH = YES;
				SDKROOT = iphoneos;
				SWIFT_ACTIVE_COMPILATION_CONDITIONS = DEBUG;
				SWIFT_OPTIMIZATION_LEVEL = "-Onone";
			};
			name = Debug;
		};
		7B09E48629326402007ADA2D /* Release */ = {
			isa = XCBuildConfiguration;
			buildSettings = {
				ALWAYS_SEARCH_USER_PATHS = NO;
				CLANG_ANALYZER_NONNULL = YES;
				CLANG_ANALYZER_NUMBER_OBJECT_CONVERSION = YES_AGGRESSIVE;
				CLANG_CXX_LANGUAGE_STANDARD = "gnu++20";
				CLANG_ENABLE_MODULES = YES;
				CLANG_ENABLE_OBJC_ARC = YES;
				CLANG_ENABLE_OBJC_WEAK = YES;
				CLANG_WARN_BLOCK_CAPTURE_AUTORELEASING = YES;
				CLANG_WARN_BOOL_CONVERSION = YES;
				CLANG_WARN_COMMA = YES;
				CLANG_WARN_CONSTANT_CONVERSION = YES;
				CLANG_WARN_DEPRECATED_OBJC_IMPLEMENTATIONS = YES;
				CLANG_WARN_DIRECT_OBJC_ISA_USAGE = YES_ERROR;
				CLANG_WARN_DOCUMENTATION_COMMENTS = YES;
				CLANG_WARN_EMPTY_BODY = YES;
				CLANG_WARN_ENUM_CONVERSION = YES;
				CLANG_WARN_INFINITE_RECURSION = YES;
				CLANG_WARN_INT_CONVERSION = YES;
				CLANG_WARN_NON_LITERAL_NULL_CONVERSION = YES;
				CLANG_WARN_OBJC_IMPLICIT_RETAIN_SELF = YES;
				CLANG_WARN_OBJC_LITERAL_CONVERSION = YES;
				CLANG_WARN_OBJC_ROOT_CLASS = YES_ERROR;
				CLANG_WARN_QUOTED_INCLUDE_IN_FRAMEWORK_HEADER = YES;
				CLANG_WARN_RANGE_LOOP_ANALYSIS = YES;
				CLANG_WARN_STRICT_PROTOTYPES = YES;
				CLANG_WARN_SUSPICIOUS_MOVE = YES;
				CLANG_WARN_UNGUARDED_AVAILABILITY = YES_AGGRESSIVE;
				CLANG_WARN_UNREACHABLE_CODE = YES;
				CLANG_WARN__DUPLICATE_METHOD_MATCH = YES;
				COPY_PHASE_STRIP = NO;
				DEBUG_INFORMATION_FORMAT = "dwarf-with-dsym";
				ENABLE_NS_ASSERTIONS = NO;
				ENABLE_STRICT_OBJC_MSGSEND = YES;
				GCC_C_LANGUAGE_STANDARD = gnu11;
				GCC_NO_COMMON_BLOCKS = YES;
				GCC_WARN_64_TO_32_BIT_CONVERSION = YES;
				GCC_WARN_ABOUT_RETURN_TYPE = YES_ERROR;
				GCC_WARN_UNDECLARED_SELECTOR = YES;
				GCC_WARN_UNINITIALIZED_AUTOS = YES_AGGRESSIVE;
				GCC_WARN_UNUSED_FUNCTION = YES;
				GCC_WARN_UNUSED_VARIABLE = YES;
				IPHONEOS_DEPLOYMENT_TARGET = 13.0;
				MTL_ENABLE_DEBUG_INFO = NO;
				MTL_FAST_MATH = YES;
				SDKROOT = iphoneos;
				SWIFT_COMPILATION_MODE = wholemodule;
				SWIFT_OPTIMIZATION_LEVEL = "-O";
				VALIDATE_PRODUCT = YES;
			};
			name = Release;
		};
		7B09E48829326402007ADA2D /* Debug */ = {
			isa = XCBuildConfiguration;
			buildSettings = {
				ASSETCATALOG_COMPILER_APPICON_NAME = AppIcon;
				ASSETCATALOG_COMPILER_GLOBAL_ACCENT_COLOR_NAME = AccentColor;
				CODE_SIGN_STYLE = Automatic;
				CURRENT_PROJECT_VERSION = 1;
				DEVELOPMENT_TEAM = N483RBQWGG;
				GENERATE_INFOPLIST_FILE = YES;
				INFOPLIST_FILE = OpenSourceJetBrainsProject/Info.plist;
				INFOPLIST_KEY_UIApplicationSupportsIndirectInputEvents = YES;
				INFOPLIST_KEY_UILaunchStoryboardName = LaunchScreen;
				INFOPLIST_KEY_UIMainStoryboardFile = Main;
				INFOPLIST_KEY_UISupportedInterfaceOrientations_iPad = "UIInterfaceOrientationPortrait UIInterfaceOrientationPortraitUpsideDown UIInterfaceOrientationLandscapeLeft UIInterfaceOrientationLandscapeRight";
				INFOPLIST_KEY_UISupportedInterfaceOrientations_iPhone = "UIInterfaceOrientationPortrait UIInterfaceOrientationLandscapeLeft UIInterfaceOrientationLandscapeRight";
				LD_RUNPATH_SEARCH_PATHS = (
					"$(inherited)",
					"@executable_path/Frameworks",
				);
				MARKETING_VERSION = 1.0;
				PRODUCT_BUNDLE_IDENTIFIER = com.TrimecheHassen.OpenSourceJetBrainsProject;
				PRODUCT_NAME = "$(TARGET_NAME)";
				SWIFT_EMIT_LOC_STRINGS = YES;
				SWIFT_VERSION = 5.0;
				TARGETED_DEVICE_FAMILY = "1,2";
			};
			name = Debug;
		};
		7B09E48929326402007ADA2D /* Release */ = {
			isa = XCBuildConfiguration;
			buildSettings = {
				ASSETCATALOG_COMPILER_APPICON_NAME = AppIcon;
				ASSETCATALOG_COMPILER_GLOBAL_ACCENT_COLOR_NAME = AccentColor;
				CODE_SIGN_STYLE = Automatic;
				CURRENT_PROJECT_VERSION = 1;
				DEVELOPMENT_TEAM = N483RBQWGG;
				GENERATE_INFOPLIST_FILE = YES;
				INFOPLIST_FILE = OpenSourceJetBrainsProject/Info.plist;
				INFOPLIST_KEY_UIApplicationSupportsIndirectInputEvents = YES;
				INFOPLIST_KEY_UILaunchStoryboardName = LaunchScreen;
				INFOPLIST_KEY_UIMainStoryboardFile = Main;
				INFOPLIST_KEY_UISupportedInterfaceOrientations_iPad = "UIInterfaceOrientationPortrait UIInterfaceOrientationPortraitUpsideDown UIInterfaceOrientationLandscapeLeft UIInterfaceOrientationLandscapeRight";
				INFOPLIST_KEY_UISupportedInterfaceOrientations_iPhone = "UIInterfaceOrientationPortrait UIInterfaceOrientationLandscapeLeft UIInterfaceOrientationLandscapeRight";
				LD_RUNPATH_SEARCH_PATHS = (
					"$(inherited)",
					"@executable_path/Frameworks",
				);
				MARKETING_VERSION = 1.0;
				PRODUCT_BUNDLE_IDENTIFIER = com.TrimecheHassen.OpenSourceJetBrainsProject;
				PRODUCT_NAME = "$(TARGET_NAME)";
				SWIFT_EMIT_LOC_STRINGS = YES;
				SWIFT_VERSION = 5.0;
				TARGETED_DEVICE_FAMILY = "1,2";
			};
			name = Release;
		};
		7B09E48B29326402007ADA2D /* Debug */ = {
			isa = XCBuildConfiguration;
			buildSettings = {
				ALWAYS_EMBED_SWIFT_STANDARD_LIBRARIES = YES;
				BUNDLE_LOADER = "$(TEST_HOST)";
				CODE_SIGN_STYLE = Automatic;
				CURRENT_PROJECT_VERSION = 1;
				DEVELOPMENT_TEAM = N483RBQWGG;
				GENERATE_INFOPLIST_FILE = YES;
				IPHONEOS_DEPLOYMENT_TARGET = 16.0;
				MARKETING_VERSION = 1.0;
				PRODUCT_BUNDLE_IDENTIFIER = com.TrimecheHassen.OpenSourceJetBrainsProjectTests;
				PRODUCT_NAME = "$(TARGET_NAME)";
				SWIFT_EMIT_LOC_STRINGS = NO;
				SWIFT_VERSION = 5.0;
				TARGETED_DEVICE_FAMILY = "1,2";
				TEST_HOST = "$(BUILT_PRODUCTS_DIR)/OpenSourceJetBrainsProject.app/$(BUNDLE_EXECUTABLE_FOLDER_PATH)/OpenSourceJetBrainsProject";
			};
			name = Debug;
		};
		7B09E48C29326402007ADA2D /* Release */ = {
			isa = XCBuildConfiguration;
			buildSettings = {
				ALWAYS_EMBED_SWIFT_STANDARD_LIBRARIES = YES;
				BUNDLE_LOADER = "$(TEST_HOST)";
				CODE_SIGN_STYLE = Automatic;
				CURRENT_PROJECT_VERSION = 1;
				DEVELOPMENT_TEAM = N483RBQWGG;
				GENERATE_INFOPLIST_FILE = YES;
				IPHONEOS_DEPLOYMENT_TARGET = 16.0;
				MARKETING_VERSION = 1.0;
				PRODUCT_BUNDLE_IDENTIFIER = com.TrimecheHassen.OpenSourceJetBrainsProjectTests;
				PRODUCT_NAME = "$(TARGET_NAME)";
				SWIFT_EMIT_LOC_STRINGS = NO;
				SWIFT_VERSION = 5.0;
				TARGETED_DEVICE_FAMILY = "1,2";
				TEST_HOST = "$(BUILT_PRODUCTS_DIR)/OpenSourceJetBrainsProject.app/$(BUNDLE_EXECUTABLE_FOLDER_PATH)/OpenSourceJetBrainsProject";
			};
			name = Release;
		};
		7B09E48E29326402007ADA2D /* Debug */ = {
			isa = XCBuildConfiguration;
			buildSettings = {
				ALWAYS_EMBED_SWIFT_STANDARD_LIBRARIES = YES;
				CODE_SIGN_STYLE = Automatic;
				CURRENT_PROJECT_VERSION = 1;
				DEVELOPMENT_TEAM = N483RBQWGG;
				GENERATE_INFOPLIST_FILE = YES;
				MARKETING_VERSION = 1.0;
				PRODUCT_BUNDLE_IDENTIFIER = com.TrimecheHassen.OpenSourceJetBrainsProjectUITests;
				PRODUCT_NAME = "$(TARGET_NAME)";
				SWIFT_EMIT_LOC_STRINGS = NO;
				SWIFT_VERSION = 5.0;
				TARGETED_DEVICE_FAMILY = "1,2";
				TEST_TARGET_NAME = OpenSourceJetBrainsProject;
			};
			name = Debug;
		};
		7B09E48F29326402007ADA2D /* Release */ = {
			isa = XCBuildConfiguration;
			buildSettings = {
				ALWAYS_EMBED_SWIFT_STANDARD_LIBRARIES = YES;
				CODE_SIGN_STYLE = Automatic;
				CURRENT_PROJECT_VERSION = 1;
				DEVELOPMENT_TEAM = N483RBQWGG;
				GENERATE_INFOPLIST_FILE = YES;
				MARKETING_VERSION = 1.0;
				PRODUCT_BUNDLE_IDENTIFIER = com.TrimecheHassen.OpenSourceJetBrainsProjectUITests;
				PRODUCT_NAME = "$(TARGET_NAME)";
				SWIFT_EMIT_LOC_STRINGS = NO;
				SWIFT_VERSION = 5.0;
				TARGETED_DEVICE_FAMILY = "1,2";
				TEST_TARGET_NAME = OpenSourceJetBrainsProject;
			};
			name = Release;
		};
/* End XCBuildConfiguration section */

/* Begin XCConfigurationList section */
		7B09E45829326400007ADA2D /* Build configuration list for PBXProject "OpenSourceJetBrainsProject" */ = {
			isa = XCConfigurationList;
			buildConfigurations = (
				7B09E48529326402007ADA2D /* Debug */,
				7B09E48629326402007ADA2D /* Release */,
			);
			defaultConfigurationIsVisible = 0;
			defaultConfigurationName = Release;
		};
		7B09E48729326402007ADA2D /* Build configuration list for PBXNativeTarget "OpenSourceJetBrainsProject" */ = {
			isa = XCConfigurationList;
			buildConfigurations = (
				7B09E48829326402007ADA2D /* Debug */,
				7B09E48929326402007ADA2D /* Release */,
			);
			defaultConfigurationIsVisible = 0;
			defaultConfigurationName = Release;
		};
		7B09E48A29326402007ADA2D /* Build configuration list for PBXNativeTarget "OpenSourceJetBrainsProjectTests" */ = {
			isa = XCConfigurationList;
			buildConfigurations = (
				7B09E48B29326402007ADA2D /* Debug */,
				7B09E48C29326402007ADA2D /* Release */,
			);
			defaultConfigurationIsVisible = 0;
			defaultConfigurationName = Release;
		};
		7B09E48D29326402007ADA2D /* Build configuration list for PBXNativeTarget "OpenSourceJetBrainsProjectUITests" */ = {
			isa = XCConfigurationList;
			buildConfigurations = (
				7B09E48E29326402007ADA2D /* Debug */,
				7B09E48F29326402007ADA2D /* Release */,
			);
			defaultConfigurationIsVisible = 0;
			defaultConfigurationName = Release;
		};
/* End XCConfigurationList section */

/* Begin XCRemoteSwiftPackageReference section */
		7B09E4AB2932734E007ADA2D /* XCRemoteSwiftPackageReference "Alamofire" */ = {
			isa = XCRemoteSwiftPackageReference;
			repositoryURL = "https://github.com/Alamofire/Alamofire.git";
			requirement = {
				kind = upToNextMajorVersion;
				minimumVersion = 5.0.0;
			};
		};
/* End XCRemoteSwiftPackageReference section */

/* Begin XCSwiftPackageProductDependency section */
		7B09E4AC2932734E007ADA2D /* Alamofire */ = {
			isa = XCSwiftPackageProductDependency;
			package = 7B09E4AB2932734E007ADA2D /* XCRemoteSwiftPackageReference "Alamofire" */;
			productName = Alamofire;
		};
/* End XCSwiftPackageProductDependency section */
	};
	rootObject = 7B09E45529326400007ADA2D /* Project object */;
}
